{
  "name": "breezy-scraper",
  "version": "1.0.0",
  "lockfileVersion": 2,
  "requires": true,
  "packages": {
    "": {
      "name": "breezy-scraper",
      "version": "1.0.0",
      "license": "MIT",
      "dependencies": {
        "@playwright/test": "^1.40.0",
        "playwright": "^1.40.0",
        "mysql2": "^3.6.5",
        "dotenv": "^16.3.1"
      },
      "devDependencies": {
        "nodemon": "^3.0.2"
      },
      "engines": {
        "node": ">=16.0.0"
      }
    }
  }
}
